
Microsoft Visual Studio Solution File, Format Version 11.00
# Visual Studio 2010
Project("{8BC9CEB8-8B4A-11D0-8D11-00A0C91BC942}") = "ExpressionTemplate", "ExpressionTemplate\ExpressionTemplate.vcxproj", "{8972857B-AC42-4DCC-84C2-1F72FF08535F}"
EndProject
Global
	GlobalSection(SolutionConfigurationPlatforms) = preSolution
		Debug|Win32 = Debug|Win32
		Release|Win32 = Release|Win32
	EndGlobalSection
	GlobalSection(ProjectConfigurationPlatforms) = postSolution
		{8972857B-AC42-4DCC-84C2-1F72FF08535F}.Debug|Win32.ActiveCfg = Debug|Win32
		{8972857B-AC42-4DCC-84C2-1F72FF08535F}.Debug|Win32.Build.0 = Debug|Win32
		{8972857B-AC42-4DCC-84C2-1F72FF08535F}.Release|Win32.ActiveCfg = Release|Win32
		{8972857B-AC42-4DCC-84C2-1F72FF08535F}.Release|Win32.Build.0 = Release|Win32
	EndGlobalSection
	GlobalSection(SolutionProperties) = preSolution
		HideSolutionNode = FALSE
	EndGlobalSection
EndGlobal
